// !$*UTF8*$!
{
	archiveVersion = 1;
	classes = {
	};
	objectVersion = 77;
	objects = {

/* Begin PBXContainerItemProxy section */
		900532DC2DEEB6580062A21B /* PBXContainerItemProxy */ = {
			isa = PBXContainerItemProxy;
			containerPortal = 900532C62DEEB6570062A21B /* Project object */;
			proxyType = 1;
			remoteGlobalIDString = 900532CD2DEEB6570062A21B;
			remoteInfo = MyGBU;
		};
		900532E62DEEB6580062A21B /* PBXContainerItemProxy */ = {
			isa = PBXContainerItemProxy;
			containerPortal = 900532C62DEEB6570062A21B /* Project object */;
			proxyType = 1;
			remoteGlobalIDString = 900532CD2DEEB6570062A21B;
			remoteInfo = MyGBU;
		};
/* End PBXContainerItemProxy section */

/* Begin PBXFileReference section */
		900532CE2DEEB6570062A21B /* MyGBU.app */ = {isa = PBXFileReference; explicitFileType = wrapper.application; includeInIndex = 0; path = MyGBU.app; sourceTree = BUILT_PRODUCTS_DIR; };
		900532DB2DEEB6580062A21B /* MyGBUTests.xctest */ = {isa = PBXFileReference; explicitFileType = wrapper.cfbundle; includeInIndex = 0; path = MyGBUTests.xctest; sourceTree = BUILT_PRODUCTS_DIR; };
		900532E52DEEB6580062A21B /* MyGBUUITests.xctest */ = {isa = PBXFileReference; explicitFileType = wrapper.cfbundle; includeInIndex = 0; path = MyGBUUITests.xctest; sourceTree = BUILT_PRODUCTS_DIR; };
/* End PBXFileReference section */

/* Begin PBXFileSystemSynchronizedRootGroup section */
		900532D02DEEB6570062A21B /* MyGBU */ = {
			isa = PBXFileSystemSynchronizedRootGroup;
			path = MyGBU;
			sourceTree = "<group>";
		};
		900532DE2DEEB6580062A21B /* MyGBUTests */ = {
			isa = PBXFileSystemSynchronizedRootGroup;
			path = MyGBUTests;
			sourceTree = "<group>";
		};
		900532E82DEEB6580062A21B /* MyGBUUITests */ = {
			isa = PBXFileSystemSynchronizedRootGroup;
			path = MyGBUUITests;
			sourceTree = "<group>";
		};
/* End PBXFileSystemSynchronizedRootGroup section */

/* Begin PBXFrameworksBuildPhase section */
		900532CB2DEEB6570062A21B /* Frameworks */ = {
			isa = PBXFrameworksBuildPhase;
			buildActionMask = 2147483647;
			files = (
			);
			runOnlyForDeploymentPostprocessing = 0;
		};
		900532D82DEEB6580062A21B /* Frameworks */ = {
			isa = PBXFrameworksBuildPhase;
			buildActionMask = 2147483647;
			files = (
			);
			runOnlyForDeploymentPostprocessing = 0;
		};
		900532E22DEEB6580062A21B /* Frameworks */ = {
			isa = PBXFrameworksBuildPhase;
			buildActionMask = 2147483647;
			files = (
			);
			runOnlyForDeploymentPostprocessing = 0;
		};
/* End PBXFrameworksBuildPhase section */

/* Begin PBXGroup section */
		900532C52DEEB6570062A21B = {
			isa = PBXGroup;
			children = (
				900532D02DEEB6570062A21B /* MyGBU */,
				900532DE2DEEB6580062A21B /* MyGBUTests */,
				900532E82DEEB6580062A21B /* MyGBUUITests */,
				900532CF2DEEB6570062A21B /* Products */,
			);
			sourceTree = "<group>";
		};
		900532CF2DEEB6570062A21B /* Products */ = {
			isa = PBXGroup;
			children = (
				900532CE2DEEB6570062A21B /* MyGBU.app */,
				900532DB2DEEB6580062A21B /* MyGBUTests.xctest */,
				900532E52DEEB6580062A21B /* MyGBUUITests.xctest */,
			);
			name = Products;
			sourceTree = "<group>";
		};
/* End PBXGroup section */

/* Begin PBXNativeTarget section */
		900532CD2DEEB6570062A21B /* MyGBU */ = {
			isa = PBXNativeTarget;
			buildConfigurationList = 900532EF2DEEB6580062A21B /* Build configuration list for PBXNativeTarget "MyGBU" */;
			buildPhases = (
				900532CA2DEEB6570062A21B /* Sources */,
				900532CB2DEEB6570062A21B /* Frameworks */,
				900532CC2DEEB6570062A21B /* Resources */,
			);
			buildRules = (
			);
			dependencies = (
			);
			fileSystemSynchronizedGroups = (
				900532D02DEEB6570062A21B /* MyGBU */,
			);
			name = MyGBU;
			packageProductDependencies = (
			);
			productName = MyGBU;
			productReference = 900532CE2DEEB6570062A21B /* MyGBU.app */;
			productType = "com.apple.product-type.application";
		};
		900532DA2DEEB6580062A21B /* MyGBUTests */ = {
			isa = PBXNativeTarget;
			buildConfigurationList = 900532F22DEEB6580062A21B /* Build configuration list for PBXNativeTarget "MyGBUTests" */;
			buildPhases = (
				900532D72DEEB6580062A21B /* Sources */,
				900532D82DEEB6580062A21B /* Frameworks */,
				900532D92DEEB6580062A21B /* Resources */,
			);
			buildRules = (
			);
			dependencies = (
				900532DD2DEEB6580062A21B /* PBXTargetDependency */,
			);
			fileSystemSynchronizedGroups = (
				900532DE2DEEB6580062A21B /* MyGBUTests */,
			);
			name = MyGBUTests;
			packageProductDependencies = (
			);
			productName = MyGBUTests;
			productReference = 900532DB2DEEB6580062A21B /* MyGBUTests.xctest */;
			productType = "com.apple.product-type.bundle.unit-test";
		};
		900532E42DEEB6580062A21B /* MyGBUUITests */ = {
			isa = PBXNativeTarget;
			buildConfigurationList = 900532F52DEEB6580062A21B /* Build configuration list for PBXNativeTarget "MyGBUUITests" */;
			buildPhases = (
				900532E12DEEB6580062A21B /* Sources */,
				900532E22DEEB6580062A21B /* Frameworks */,
				900532E32DEEB6580062A21B /* Resources */,
			);
			buildRules = (
			);
			dependencies = (
				900532E72DEEB6580062A21B /* PBXTargetDependency */,
			);
			fileSystemSynchronizedGroups = (
				900532E82DEEB6580062A21B /* MyGBUUITests */,
			);
			name = MyGBUUITests;
			packageProductDependencies = (
			);
			productName = MyGBUUITests;
			productReference = 900532E52DEEB6580062A21B /* MyGBUUITests.xctest */;
			productType = "com.apple.product-type.bundle.ui-testing";
		};
/* End PBXNativeTarget section */

/* Begin PBXProject section */
		900532C62DEEB6570062A21B /* Project object */ = {
			isa = PBXProject;
			attributes = {
				BuildIndependentTargetsInParallel = 1;
				LastSwiftUpdateCheck = 1630;
				LastUpgradeCheck = 1630;
				TargetAttributes = {
					900532CD2DEEB6570062A21B = {
						CreatedOnToolsVersion = 16.3;
					};
					900532DA2DEEB6580062A21B = {
						CreatedOnToolsVersion = 16.3;
						TestTargetID = 900532CD2DEEB6570062A21B;
					};
					900532E42DEEB6580062A21B = {
						CreatedOnToolsVersion = 16.3;
						TestTargetID = 900532CD2DEEB6570062A21B;
					};
				};
			};
			buildConfigurationList = 900532C92DEEB6570062A21B /* Build configuration list for PBXProject "MyGBU" */;
			developmentRegion = en;
			hasScannedForEncodings = 0;
			knownRegions = (
				en,
				Base,
			);
			mainGroup = 900532C52DEEB6570062A21B;
			minimizedProjectReferenceProxies = 1;
			preferredProjectObjectVersion = 77;
			productRefGroup = 900532CF2DEEB6570062A21B /* Products */;
			projectDirPath = "";
			projectRoot = "";
			targets = (
				900532CD2DEEB6570062A21B /* MyGBU */,
				900532DA2DEEB6580062A21B /* MyGBUTests */,
				900532E42DEEB6580062A21B /* MyGBUUITests */,
			);
		};
/* End PBXProject section */

/* Begin PBXResourcesBuildPhase section */
		900532CC2DEEB6570062A21B /* Resources */ = {
			isa = PBXResourcesBuildPhase;
			buildActionMask = 2147483647;
			files = (
			);
			runOnlyForDeploymentPostprocessing = 0;
		};
		900532D92DEEB6580062A21B /* Resources */ = {
			isa = PBXResourcesBuildPhase;
			buildActionMask = 2147483647;
			files = (
			);
			runOnlyForDeploymentPostprocessing = 0;
		};
		900532E32DEEB6580062A21B /* Resources */ = {
			isa = PBXResourcesBuildPhase;
			buildActionMask = 2147483647;
			files = (
			);
			runOnlyForDeploymentPostprocessing = 0;
		};
/* End PBXResourcesBuildPhase section */

/* Begin PBXSourcesBuildPhase section */
		900532CA2DEEB6570062A21B /* Sources */ = {
			isa = PBXSourcesBuildPhase;
			buildActionMask = 2147483647;
			files = (
			);
			runOnlyForDeploymentPostprocessing = 0;
		};
		900532D72DEEB6580062A21B /* Sources */ = {
			isa = PBXSourcesBuildPhase;
			buildActionMask = 2147483647;
			files = (
			);
			runOnlyForDeploymentPostprocessing = 0;
		};
		900532E12DEEB6580062A21B /* Sources */ = {
			isa = PBXSourcesBuildPhase;
			buildActionMask = 2147483647;
			files = (
			);
			runOnlyForDeploymentPostprocessing = 0;
		};
/* End PBXSourcesBuildPhase section */

/* Begin PBXTargetDependency section */
		900532DD2DEEB6580062A21B /* PBXTargetDependency */ = {
			isa = PBXTargetDependency;
			target = 900532CD2DEEB6570062A21B /* MyGBU */;
			targetProxy = 900532DC2DEEB6580062A21B /* PBXContainerItemProxy */;
		};
		900532E72DEEB6580062A21B /* PBXTargetDependency */ = {
			isa = PBXTargetDependency;
			target = 900532CD2DEEB6570062A21B /* MyGBU */;
			targetProxy = 900532E62DEEB6580062A21B /* PBXContainerItemProxy */;
		};
/* End PBXTargetDependency section */

/* Begin XCBuildConfiguration section */
		900532ED2DEEB6580062A21B /* Debug */ = {
			isa = XCBuildConfiguration;
			buildSettings = {
				ALWAYS_SEARCH_USER_PATHS = NO;
				ASSETCATALOG_COMPILER_GENERATE_SWIFT_ASSET_SYMBOL_EXTENSIONS = YES;
				CLANG_ANALYZER_NONNULL = YES;
				CLANG_ANALYZER_NUMBER_OBJECT_CONVERSION = YES_AGGRESSIVE;
				CLANG_CXX_LANGUAGE_STANDARD = "gnu++20";
				CLANG_ENABLE_MODULES = YES;
				CLANG_ENABLE_OBJC_ARC = YES;
				CLANG_ENABLE_OBJC_WEAK = YES;
				CLANG_WARN_BLOCK_CAPTURE_AUTORELEASING = YES;
				CLANG_WARN_BOOL_CONVERSION = YES;
				CLANG_WARN_COMMA = YES;
				CLANG_WARN_CONSTANT_CONVERSION = YES;
				CLANG_WARN_DEPRECATED_OBJC_IMPLEMENTATIONS = YES;
				CLANG_WARN_DIRECT_OBJC_ISA_USAGE = YES_ERROR;
				CLANG_WARN_DOCUMENTATION_COMMENTS = YES;
				CLANG_WARN_EMPTY_BODY = YES;
				CLANG_WARN_ENUM_CONVERSION = YES;
				CLANG_WARN_INFINITE_RECURSION = YES;
				CLANG_WARN_INT_CONVERSION = YES;
				CLANG_WARN_NON_LITERAL_NULL_CONVERSION = YES;
				CLANG_WARN_OBJC_IMPLICIT_RETAIN_SELF = YES;
				CLANG_WARN_OBJC_LITERAL_CONVERSION = YES;
				CLANG_WARN_OBJC_ROOT_CLASS = YES_ERROR;
				CLANG_WARN_QUOTED_INCLUDE_IN_FRAMEWORK_HEADER = YES;
				CLANG_WARN_RANGE_LOOP_ANALYSIS = YES;
				CLANG_WARN_STRICT_PROTOTYPES = YES;
				CLANG_WARN_SUSPICIOUS_MOVE = YES;
				CLANG_WARN_UNGUARDED_AVAILABILITY = YES_AGGRESSIVE;
				CLANG_WARN_UNREACHABLE_CODE = YES;
				CLANG_WARN__DUPLICATE_METHOD_MATCH = YES;
				COPY_PHASE_STRIP = NO;
				DEBUG_INFORMATION_FORMAT = dwarf;
				DEVELOPMENT_TEAM = 8D5D6HU857;
				ENABLE_STRICT_OBJC_MSGSEND = YES;
				ENABLE_TESTABILITY = YES;
				ENABLE_USER_SCRIPT_SANDBOXING = YES;
				GCC_C_LANGUAGE_STANDARD = gnu17;
				GCC_DYNAMIC_NO_PIC = NO;
				GCC_NO_COMMON_BLOCKS = YES;
				GCC_OPTIMIZATION_LEVEL = 0;
				GCC_PREPROCESSOR_DEFINITIONS = (
					"DEBUG=1",
					"$(inherited)",
				);
				GCC_WARN_64_TO_32_BIT_CONVERSION = YES;
				GCC_WARN_ABOUT_RETURN_TYPE = YES_ERROR;
				GCC_WARN_UNDECLARED_SELECTOR = YES;
				GCC_WARN_UNINITIALIZED_AUTOS = YES_AGGRESSIVE;
				GCC_WARN_UNUSED_FUNCTION = YES;
				GCC_WARN_UNUSED_VARIABLE = YES;
				IPHONEOS_DEPLOYMENT_TARGET = 18.4;
				LOCALIZATION_PREFERS_STRING_CATALOGS = YES;
				MTL_ENABLE_DEBUG_INFO = INCLUDE_SOURCE;
				MTL_FAST_MATH = YES;
				ONLY_ACTIVE_ARCH = YES;
				SDKROOT = iphoneos;
				SWIFT_ACTIVE_COMPILATION_CONDITIONS = "DEBUG $(inherited)";
				SWIFT_OPTIMIZATION_LEVEL = "-Onone";
			};
			name = Debug;
		};
		900532EE2DEEB6580062A21B /* Release */ = {
			isa = XCBuildConfiguration;
			buildSettings = {
				ALWAYS_SEARCH_USER_PATHS = NO;
				ASSETCATALOG_COMPILER_GENERATE_SWIFT_ASSET_SYMBOL_EXTENSIONS = YES;
				CLANG_ANALYZER_NONNULL = YES;
				CLANG_ANALYZER_NUMBER_OBJECT_CONVERSION = YES_AGGRESSIVE;
				CLANG_CXX_LANGUAGE_STANDARD = "gnu++20";
				CLANG_ENABLE_MODULES = YES;
				CLANG_ENABLE_OBJC_ARC = YES;
				CLANG_ENABLE_OBJC_WEAK = YES;
				CLANG_WARN_BLOCK_CAPTURE_AUTORELEASING = YES;
				CLANG_WARN_BOOL_CONVERSION = YES;
				CLANG_WARN_COMMA = YES;
				CLANG_WARN_CONSTANT_CONVERSION = YES;
				CLANG_WARN_DEPRECATED_OBJC_IMPLEMENTATIONS = YES;
				CLANG_WARN_DIRECT_OBJC_ISA_USAGE = YES_ERROR;
				CLANG_WARN_DOCUMENTATION_COMMENTS = YES;
				CLANG_WARN_EMPTY_BODY = YES;
				CLANG_WARN_ENUM_CONVERSION = YES;
				CLANG_WARN_INFINITE_RECURSION = YES;
				CLANG_WARN_INT_CONVERSION = YES;
				CLANG_WARN_NON_LITERAL_NULL_CONVERSION = YES;
				CLANG_WARN_OBJC_IMPLICIT_RETAIN_SELF = YES;
				CLANG_WARN_OBJC_LITERAL_CONVERSION = YES;
				CLANG_WARN_OBJC_ROOT_CLASS = YES_ERROR;
				CLANG_WARN_QUOTED_INCLUDE_IN_FRAMEWORK_HEADER = YES;
				CLANG_WARN_RANGE_LOOP_ANALYSIS = YES;
				CLANG_WARN_STRICT_PROTOTYPES = YES;
				CLANG_WARN_SUSPICIOUS_MOVE = YES;
				CLANG_WARN_UNGUARDED_AVAILABILITY = YES_AGGRESSIVE;
				CLANG_WARN_UNREACHABLE_CODE = YES;
				CLANG_WARN__DUPLICATE_METHOD_MATCH = YES;
				COPY_PHASE_STRIP = NO;
				DEBUG_INFORMATION_FORMAT = "dwarf-with-dsym";
				DEVELOPMENT_TEAM = 8D5D6HU857;
				ENABLE_NS_ASSERTIONS = NO;
				ENABLE_STRICT_OBJC_MSGSEND = YES;
				ENABLE_USER_SCRIPT_SANDBOXING = YES;
				GCC_C_LANGUAGE_STANDARD = gnu17;
				GCC_NO_COMMON_BLOCKS = YES;
				GCC_WARN_64_TO_32_BIT_CONVERSION = YES;
				GCC_WARN_ABOUT_RETURN_TYPE = YES_ERROR;
				GCC_WARN_UNDECLARED_SELECTOR = YES;
				GCC_WARN_UNINITIALIZED_AUTOS = YES_AGGRESSIVE;
				GCC_WARN_UNUSED_FUNCTION = YES;
				GCC_WARN_UNUSED_VARIABLE = YES;
				IPHONEOS_DEPLOYMENT_TARGET = 18.4;
				LOCALIZATION_PREFERS_STRING_CATALOGS = YES;
				MTL_ENABLE_DEBUG_INFO = NO;
				MTL_FAST_MATH = YES;
				SDKROOT = iphoneos;
				SWIFT_COMPILATION_MODE = wholemodule;
				VALIDATE_PRODUCT = YES;
			};
			name = Release;
		};
		900532F02DEEB6580062A21B /* Debug */ = {
			isa = XCBuildConfiguration;
			buildSettings = {
				ASSETCATALOG_COMPILER_APPICON_NAME = AppIcon;
				ASSETCATALOG_COMPILER_GLOBAL_ACCENT_COLOR_NAME = AccentColor;
				CODE_SIGN_STYLE = Automatic;
				CURRENT_PROJECT_VERSION = 1;
				DEVELOPMENT_TEAM = 8D5D6HU857;
				ENABLE_PREVIEWS = YES;
				GENERATE_INFOPLIST_FILE = YES;
				INFOPLIST_KEY_UIApplicationSceneManifest_Generation = YES;
				INFOPLIST_KEY_UIApplicationSupportsIndirectInputEvents = YES;
				INFOPLIST_KEY_UILaunchScreen_Generation = YES;
				INFOPLIST_KEY_UISupportedInterfaceOrientations_iPad = "UIInterfaceOrientationPortrait UIInterfaceOrientationPortraitUpsideDown UIInterfaceOrientationLandscapeLeft UIInterfaceOrientationLandscapeRight";
				INFOPLIST_KEY_UISupportedInterfaceOrientations_iPhone = "UIInterfaceOrientationPortrait UIInterfaceOrientationLandscapeLeft UIInterfaceOrientationLandscapeRight";
				LD_RUNPATH_SEARCH_PATHS = (
					"$(inherited)",
					"@executable_path/Frameworks",
				);
				MARKETING_VERSION = 1.0;
				PRODUCT_BUNDLE_IDENTIFIER = Manu.MyGBU;
				PRODUCT_NAME = "$(TARGET_NAME)";
				SWIFT_EMIT_LOC_STRINGS = YES;
				SWIFT_VERSION = 5.0;
				TARGETED_DEVICE_FAMILY = "1,2";
			};
			name = Debug;
		};
		900532F12DEEB6580062A21B /* Release */ = {
			isa = XCBuildConfiguration;
			buildSettings = {
				ASSETCATALOG_COMPILER_APPICON_NAME = AppIcon;
				ASSETCATALOG_COMPILER_GLOBAL_ACCENT_COLOR_NAME = AccentColor;
				CODE_SIGN_STYLE = Automatic;
				CURRENT_PROJECT_VERSION = 1;
				DEVELOPMENT_TEAM = 8D5D6HU857;
				ENABLE_PREVIEWS = YES;
				GENERATE_INFOPLIST_FILE = YES;
				INFOPLIST_KEY_UIApplicationSceneManifest_Generation = YES;
				INFOPLIST_KEY_UIApplicationSupportsIndirectInputEvents = YES;
				INFOPLIST_KEY_UILaunchScreen_Generation = YES;
				INFOPLIST_KEY_UISupportedInterfaceOrientations_iPad = "UIInterfaceOrientationPortrait UIInterfaceOrientationPortraitUpsideDown UIInterfaceOrientationLandscapeLeft UIInterfaceOrientationLandscapeRight";
				INFOPLIST_KEY_UISupportedInterfaceOrientations_iPhone = "UIInterfaceOrientationPortrait UIInterfaceOrientationLandscapeLeft UIInterfaceOrientationLandscapeRight";
				LD_RUNPATH_SEARCH_PATHS = (
					"$(inherited)",
					"@executable_path/Frameworks",
				);
				MARKETING_VERSION = 1.0;
				PRODUCT_BUNDLE_IDENTIFIER = Manu.MyGBU;
				PRODUCT_NAME = "$(TARGET_NAME)";
				SWIFT_EMIT_LOC_STRINGS = YES;
				SWIFT_VERSION = 5.0;
				TARGETED_DEVICE_FAMILY = "1,2";
			};
			name = Release;
		};
		900532F32DEEB6580062A21B /* Debug */ = {
			isa = XCBuildConfiguration;
			buildSettings = {
				BUNDLE_LOADER = "$(TEST_HOST)";
				CODE_SIGN_STYLE = Automatic;
				CURRENT_PROJECT_VERSION = 1;
				DEVELOPMENT_TEAM = 8D5D6HU857;
				GENERATE_INFOPLIST_FILE = YES;
				IPHONEOS_DEPLOYMENT_TARGET = 18.4;
				MARKETING_VERSION = 1.0;
				PRODUCT_BUNDLE_IDENTIFIER = Manu.MyGBUTests;
				PRODUCT_NAME = "$(TARGET_NAME)";
				SWIFT_EMIT_LOC_STRINGS = NO;
				SWIFT_VERSION = 5.0;
				TARGETED_DEVICE_FAMILY = "1,2";
				TEST_HOST = "$(BUILT_PRODUCTS_DIR)/MyGBU.app/$(BUNDLE_EXECUTABLE_FOLDER_PATH)/MyGBU";
			};
			name = Debug;
		};
		900532F42DEEB6580062A21B /* Release */ = {
			isa = XCBuildConfiguration;
			buildSettings = {
				BUNDLE_LOADER = "$(TEST_HOST)";
				CODE_SIGN_STYLE = Automatic;
				CURRENT_PROJECT_VERSION = 1;
				DEVELOPMENT_TEAM = 8D5D6HU857;
				GENERATE_INFOPLIST_FILE = YES;
				IPHONEOS_DEPLOYMENT_TARGET = 18.4;
				MARKETING_VERSION = 1.0;
				PRODUCT_BUNDLE_IDENTIFIER = Manu.MyGBUTests;
				PRODUCT_NAME = "$(TARGET_NAME)";
				SWIFT_EMIT_LOC_STRINGS = NO;
				SWIFT_VERSION = 5.0;
				TARGETED_DEVICE_FAMILY = "1,2";
				TEST_HOST = "$(BUILT_PRODUCTS_DIR)/MyGBU.app/$(BUNDLE_EXECUTABLE_FOLDER_PATH)/MyGBU";
			};
			name = Release;
		};
		900532F62DEEB6580062A21B /* Debug */ = {
			isa = XCBuildConfiguration;
			buildSettings = {
				CODE_SIGN_STYLE = Automatic;
				CURRENT_PROJECT_VERSION = 1;
				DEVELOPMENT_TEAM = 8D5D6HU857;
				GENERATE_INFOPLIST_FILE = YES;
				MARKETING_VERSION = 1.0;
				PRODUCT_BUNDLE_IDENTIFIER = Manu.MyGBUUITests;
				PRODUCT_NAME = "$(TARGET_NAME)";
				SWIFT_EMIT_LOC_STRINGS = NO;
				SWIFT_VERSION = 5.0;
				TARGETED_DEVICE_FAMILY = "1,2";
				TEST_TARGET_NAME = MyGBU;
			};
			name = Debug;
		};
		900532F72DEEB6580062A21B /* Release */ = {
			isa = XCBuildConfiguration;
			buildSettings = {
				CODE_SIGN_STYLE = Automatic;
				CURRENT_PROJECT_VERSION = 1;
				DEVELOPMENT_TEAM = 8D5D6HU857;
				GENERATE_INFOPLIST_FILE = YES;
				MARKETING_VERSION = 1.0;
				PRODUCT_BUNDLE_IDENTIFIER = Manu.MyGBUUITests;
				PRODUCT_NAME = "$(TARGET_NAME)";
				SWIFT_EMIT_LOC_STRINGS = NO;
				SWIFT_VERSION = 5.0;
				TARGETED_DEVICE_FAMILY = "1,2";
				TEST_TARGET_NAME = MyGBU;
			};
			name = Release;
		};
/* End XCBuildConfiguration section */

/* Begin XCConfigurationList section */
		900532C92DEEB6570062A21B /* Build configuration list for PBXProject "MyGBU" */ = {
			isa = XCConfigurationList;
			buildConfigurations = (
				900532ED2DEEB6580062A21B /* Debug */,
				900532EE2DEEB6580062A21B /* Release */,
			);
			defaultConfigurationIsVisible = 0;
			defaultConfigurationName = Release;
		};
		900532EF2DEEB6580062A21B /* Build configuration list for PBXNativeTarget "MyGBU" */ = {
			isa = XCConfigurationList;
			buildConfigurations = (
				900532F02DEEB6580062A21B /* Debug */,
				900532F12DEEB6580062A21B /* Release */,
			);
			defaultConfigurationIsVisible = 0;
			defaultConfigurationName = Release;
		};
		900532F22DEEB6580062A21B /* Build configuration list for PBXNativeTarget "MyGBUTests" */ = {
			isa = XCConfigurationList;
			buildConfigurations = (
				900532F32DEEB6580062A21B /* Debug */,
				900532F42DEEB6580062A21B /* Release */,
			);
			defaultConfigurationIsVisible = 0;
			defaultConfigurationName = Release;
		};
		900532F52DEEB6580062A21B /* Build configuration list for PBXNativeTarget "MyGBUUITests" */ = {
			isa = XCConfigurationList;
			buildConfigurations = (
				900532F62DEEB6580062A21B /* Debug */,
				900532F72DEEB6580062A21B /* Release */,
			);
			defaultConfigurationIsVisible = 0;
			defaultConfigurationName = Release;
		};
/* End XCConfigurationList section */
	};
	rootObject = 900532C62DEEB6570062A21B /* Project object */;
}
